Microsoft Visual Studio Solution File, Format Version 12.00
# Visual Studio Version 17
VisualStudioVersion = 17.5.2.0
MinimumVisualStudioVersion = 10.0.40219.1
Project("{FAE04EC0-301F-11D3-BF4B-00C04F79EFBC}") = "XtalPlayer", "XtalPlayer.csproj", "{9E4C087F-AFFE-4557-99EA-C4A83512ACD8}"
EndProject
Global
	GlobalSection(SolutionConfigurationPlatforms) = preSolution
		Debug|Any CPU = Debug|Any CPU
		Release|Any CPU = Release|Any CPU
	EndGlobalSection
	GlobalSection(ProjectConfigurationPlatforms) = postSolution
		{9E4C087F-AFFE-4557-99EA-C4A83512ACD8}.Debug|Any CPU.ActiveCfg = Debug|Any CPU
		{9E4C087F-AFFE-4557-99EA-C4A83512ACD8}.Debug|Any CPU.Build.0 = Debug|Any CPU
		{9E4C087F-AFFE-4557-99EA-C4A83512ACD8}.Release|Any CPU.ActiveCfg = Release|Any CPU
		{9E4C087F-AFFE-4557-99EA-C4A83512ACD8}.Release|Any CPU.Build.0 = Release|Any CPU
	EndGlobalSection
	GlobalSection(SolutionProperties) = preSolution
		HideSolutionNode = FALSE
	EndGlobalSection
	GlobalSection(ExtensibilityGlobals) = postSolution
		SolutionGuid = {573511C4-2A7B-4B26-A2E9-CFB4DC926705}
	EndGlobalSection
EndGlobal
